
Microsoft Visual Studio Solution File, Format Version 12.00
# Visual Studio Version 17
VisualStudioVersion = 17.14.35906.104 d17.14
MinimumVisualStudioVersion = 10.0.40219.1
Project("{FAE04EC0-301F-11D3-BF4B-00C04F79EFBC}") = "BlazorApp2", "BlazorApp2\BlazorApp2.csproj", "{F4BD3CD6-C2FC-4F35-ADB7-900339AC2E90}"
EndProject
Project("{FAE04EC0-301F-11D3-BF4B-00C04F79EFBC}") = "BlazorApp2.Client", "BlazorApp2.Client\BlazorApp2.Client.csproj", "{E591051F-A27B-45FE-92A8-5141CD57953F}"
EndProject
Global
	GlobalSection(SolutionConfigurationPlatforms) = preSolution
		Debug|Any CPU = Debug|Any CPU
		Release|Any CPU = Release|Any CPU
	EndGlobalSection
	GlobalSection(ProjectConfigurationPlatforms) = postSolution
		{F4BD3CD6-C2FC-4F35-ADB7-900339AC2E90}.Debug|Any CPU.ActiveCfg = Debug|Any CPU
		{F4BD3CD6-C2FC-4F35-ADB7-900339AC2E90}.Debug|Any CPU.Build.0 = Debug|Any CPU
		{F4BD3CD6-C2FC-4F35-ADB7-900339AC2E90}.Release|Any CPU.ActiveCfg = Release|Any CPU
		{F4BD3CD6-C2FC-4F35-ADB7-900339AC2E90}.Release|Any CPU.Build.0 = Release|Any CPU
		{E591051F-A27B-45FE-92A8-5141CD57953F}.Debug|Any CPU.ActiveCfg = Debug|Any CPU
		{E591051F-A27B-45FE-92A8-5141CD57953F}.Debug|Any CPU.Build.0 = Debug|Any CPU
		{E591051F-A27B-45FE-92A8-5141CD57953F}.Release|Any CPU.ActiveCfg = Release|Any CPU
		{E591051F-A27B-45FE-92A8-5141CD57953F}.Release|Any CPU.Build.0 = Release|Any CPU
	EndGlobalSection
	GlobalSection(SolutionProperties) = preSolution
		HideSolutionNode = FALSE
	EndGlobalSection
	GlobalSection(ExtensibilityGlobals) = postSolution
		SolutionGuid = {7A2AD933-0AEE-45CE-A46D-C3B5C5F207F1}
	EndGlobalSection
EndGlobal
